
Microsoft Visual Studio Solution File, Format Version 12.00
Project("{2150E333-8FDC-42A3-9474-1A3956D46DE8}") = "Authentication", "Authentication", "{875BBD05-E021-4932-99D7-4AF4D9E8298F}"
EndProject
Project("{2150E333-8FDC-42A3-9474-1A3956D46DE8}") = "DemoServices", "DemoServices", "{AEA06304-8F6F-439C-B74F-D02DFE46ABD4}"
EndProject
Project("{2150E333-8FDC-42A3-9474-1A3956D46DE8}") = "Mockdoor", "Mockdoor", "{20A2A504-D8EB-4D63-A627-D1642342281C}"
EndProject
Project("{FAE04EC0-301F-11D3-BF4B-00C04F79EFBC}") = "MockDoor.Abstractions", "mockdoor\MockDoor\Abstractions\MockDoor.Abstractions.csproj", "{5CBE9023-DF96-468F-8482-784C986D4AEA}"
EndProject
Project("{FAE04EC0-301F-11D3-BF4B-00C04F79EFBC}") = "MockDoor.Api", "mockdoor\MockDoor\Api\MockDoor.Api.csproj", "{E0D828E9-B2A7-4929-A3DD-4B373FF124E6}"
EndProject
Project("{FAE04EC0-301F-11D3-BF4B-00C04F79EFBC}") = "MockDoor.Shared", "mockdoor\MockDoor\Shared\MockDoor.Shared.csproj", "{61FF1E2E-8A05-4759-8158-FF7AEA14E0A7}"
EndProject
Project("{FAE04EC0-301F-11D3-BF4B-00C04F79EFBC}") = "MockDoor.Client", "mockdoor\MockDoor\Client\MockDoor.Client.csproj", "{D114745F-3F9A-4001-BD27-2D0E442EA01E}"
EndProject
Project("{FAE04EC0-301F-11D3-BF4B-00C04F79EFBC}") = "MockDoor.Data", "mockdoor\MockDoor\Data\MockDoor.Data.csproj", "{640BD56A-24BC-48A0-AEBC-FCA3A63F7271}"
EndProject
Project("{FAE04EC0-301F-11D3-BF4B-00C04F79EFBC}") = "Mockdoor.Data.Sqlite", "mockdoor\MockDoor\Data.Sqlite\Mockdoor.Data.Sqlite.csproj", "{E43E7D87-CA8A-43D5-9988-3EC8037A2CA7}"
EndProject
Project("{FAE04EC0-301F-11D3-BF4B-00C04F79EFBC}") = "Mockdoor.Data.SqlServer", "mockdoor\MockDoor\Data.SqlServer\Mockdoor.Data.SqlServer.csproj", "{21DB457F-531F-4623-B09D-8D1D5E0C43C2}"
EndProject
Project("{FAE04EC0-301F-11D3-BF4B-00C04F79EFBC}") = "MockDoor.Server", "mockdoor\MockDoor\Server\MockDoor.Server.csproj", "{141CAB20-5B29-49E1-8C96-34A90B834003}"
EndProject
Project("{FAE04EC0-301F-11D3-BF4B-00C04F79EFBC}") = "MockDoor.Services", "mockdoor\MockDoor\Services\MockDoor.Services.csproj", "{D99B1A94-B1D1-4D17-8BD5-85659AB413DE}"
EndProject
Project("{FAE04EC0-301F-11D3-BF4B-00C04F79EFBC}") = "WebClient", "IdentityServerSample\src\WebClient\WebClient.csproj", "{BA6B53FB-97B8-4BE0-860E-AF48006BA09E}"
EndProject
Project("{FAE04EC0-301F-11D3-BF4B-00C04F79EFBC}") = "UserStore", "IdentityServerSample\src\UserStore\UserStore.csproj", "{74400E73-FDBC-4442-96E5-0D990B7AE570}"
EndProject
Project("{FAE04EC0-301F-11D3-BF4B-00C04F79EFBC}") = "UserPermissions", "IdentityServerSample\src\UserPermissions\UserPermissions\UserPermissions.csproj", "{E8A2E606-FD27-4221-96B6-AFC92C571972}"
EndProject
Project("{FAE04EC0-301F-11D3-BF4B-00C04F79EFBC}") = "IdentityServer", "IdentityServerSample\src\IdentityServer\IdentityServer.csproj", "{80C70D11-5063-4C92-B622-E53DF8341188}"
EndProject
Project("{FAE04EC0-301F-11D3-BF4B-00C04F79EFBC}") = "Api", "IdentityServerSample\src\Api\Api.csproj", "{C7E302FC-2C4E-4C38-BF1A-2A8203EEC6BD}"
EndProject
Project("{FAE04EC0-301F-11D3-BF4B-00C04F79EFBC}") = "Blazor6.Client", "BFFUISample\src\Client\Blazor6.Client.csproj", "{AE56D450-C8B5-4DF1-A30D-B3977C9E040B}"
EndProject
Project("{FAE04EC0-301F-11D3-BF4B-00C04F79EFBC}") = "OrderProcessorApi", "BFFUISample\src\OrderProcessor\OrderProcessorApi\OrderProcessorApi.csproj", "{7A4B86C6-0377-4CD7-A8A1-431635E51DBC}"
EndProject
Project("{FAE04EC0-301F-11D3-BF4B-00C04F79EFBC}") = "Blazor6.Server", "BFFUISample\src\Server\Blazor6.Server.csproj", "{0E7CB867-D60F-4D15-866C-5CFFD29F271B}"
EndProject
Project("{FAE04EC0-301F-11D3-BF4B-00C04F79EFBC}") = "Blazor6.Shared", "BFFUISample\src\Shared\Blazor6.Shared.csproj", "{D1E0D25E-B804-473F-AFFF-1372FA4274BE}"
EndProject
Project("{FAE04EC0-301F-11D3-BF4B-00C04F79EFBC}") = "Shared.Authentication", "BFFUISample\src\Shared.Authentication\Shared.Authentication.csproj", "{E4781309-8F91-4EA7-95CA-DB53545A87D3}"
EndProject
Project("{FAE04EC0-301F-11D3-BF4B-00C04F79EFBC}") = "StockApi", "BFFUISample\src\StockApi\StockApi.csproj", "{740CA675-99EF-487F-BFB7-E7F6C8CD81D8}"
EndProject
Project("{FAE04EC0-301F-11D3-BF4B-00C04F79EFBC}") = "StoreApi", "BFFUISample\src\StoreApi\StoreApi.csproj", "{D0A8DE90-C34B-4592-BD35-ED42215B9CDA}"
EndProject
Project("{FAE04EC0-301F-11D3-BF4B-00C04F79EFBC}") = "DataDash", "DataDash\DataDash\DataDash.csproj", "{181E10C0-6F28-4356-9356-82655570739E}"
EndProject
Project("{FAE04EC0-301F-11D3-BF4B-00C04F79EFBC}") = "TestWebApi", "DataDash\TestWebApi\TestWebApi.csproj", "{3FC35995-197C-4B66-AE4E-C579766C8978}"
EndProject
Global
	GlobalSection(SolutionConfigurationPlatforms) = preSolution
		Debug|Any CPU = Debug|Any CPU
		Release|Any CPU = Release|Any CPU
	EndGlobalSection
	GlobalSection(NestedProjects) = preSolution
		{5CBE9023-DF96-468F-8482-784C986D4AEA} = {20A2A504-D8EB-4D63-A627-D1642342281C}
		{E0D828E9-B2A7-4929-A3DD-4B373FF124E6} = {20A2A504-D8EB-4D63-A627-D1642342281C}
		{61FF1E2E-8A05-4759-8158-FF7AEA14E0A7} = {20A2A504-D8EB-4D63-A627-D1642342281C}
		{D114745F-3F9A-4001-BD27-2D0E442EA01E} = {20A2A504-D8EB-4D63-A627-D1642342281C}
		{640BD56A-24BC-48A0-AEBC-FCA3A63F7271} = {20A2A504-D8EB-4D63-A627-D1642342281C}
		{E43E7D87-CA8A-43D5-9988-3EC8037A2CA7} = {20A2A504-D8EB-4D63-A627-D1642342281C}
		{21DB457F-531F-4623-B09D-8D1D5E0C43C2} = {20A2A504-D8EB-4D63-A627-D1642342281C}
		{141CAB20-5B29-49E1-8C96-34A90B834003} = {20A2A504-D8EB-4D63-A627-D1642342281C}
		{D99B1A94-B1D1-4D17-8BD5-85659AB413DE} = {20A2A504-D8EB-4D63-A627-D1642342281C}
		{BA6B53FB-97B8-4BE0-860E-AF48006BA09E} = {875BBD05-E021-4932-99D7-4AF4D9E8298F}
		{74400E73-FDBC-4442-96E5-0D990B7AE570} = {875BBD05-E021-4932-99D7-4AF4D9E8298F}
		{E8A2E606-FD27-4221-96B6-AFC92C571972} = {875BBD05-E021-4932-99D7-4AF4D9E8298F}
		{80C70D11-5063-4C92-B622-E53DF8341188} = {875BBD05-E021-4932-99D7-4AF4D9E8298F}
		{C7E302FC-2C4E-4C38-BF1A-2A8203EEC6BD} = {875BBD05-E021-4932-99D7-4AF4D9E8298F}
		{AE56D450-C8B5-4DF1-A30D-B3977C9E040B} = {AEA06304-8F6F-439C-B74F-D02DFE46ABD4}
		{7A4B86C6-0377-4CD7-A8A1-431635E51DBC} = {AEA06304-8F6F-439C-B74F-D02DFE46ABD4}
		{0E7CB867-D60F-4D15-866C-5CFFD29F271B} = {AEA06304-8F6F-439C-B74F-D02DFE46ABD4}
		{D1E0D25E-B804-473F-AFFF-1372FA4274BE} = {AEA06304-8F6F-439C-B74F-D02DFE46ABD4}
		{E4781309-8F91-4EA7-95CA-DB53545A87D3} = {AEA06304-8F6F-439C-B74F-D02DFE46ABD4}
		{740CA675-99EF-487F-BFB7-E7F6C8CD81D8} = {AEA06304-8F6F-439C-B74F-D02DFE46ABD4}
		{D0A8DE90-C34B-4592-BD35-ED42215B9CDA} = {AEA06304-8F6F-439C-B74F-D02DFE46ABD4}
		{181E10C0-6F28-4356-9356-82655570739E} = {AEA06304-8F6F-439C-B74F-D02DFE46ABD4}
		{3FC35995-197C-4B66-AE4E-C579766C8978} = {AEA06304-8F6F-439C-B74F-D02DFE46ABD4}
	EndGlobalSection
	GlobalSection(ProjectConfigurationPlatforms) = postSolution
		{5CBE9023-DF96-468F-8482-784C986D4AEA}.Debug|Any CPU.ActiveCfg = Debug|Any CPU
		{5CBE9023-DF96-468F-8482-784C986D4AEA}.Debug|Any CPU.Build.0 = Debug|Any CPU
		{5CBE9023-DF96-468F-8482-784C986D4AEA}.Release|Any CPU.ActiveCfg = Release|Any CPU
		{5CBE9023-DF96-468F-8482-784C986D4AEA}.Release|Any CPU.Build.0 = Release|Any CPU
		{E0D828E9-B2A7-4929-A3DD-4B373FF124E6}.Debug|Any CPU.ActiveCfg = Debug|Any CPU
		{E0D828E9-B2A7-4929-A3DD-4B373FF124E6}.Debug|Any CPU.Build.0 = Debug|Any CPU
		{E0D828E9-B2A7-4929-A3DD-4B373FF124E6}.Release|Any CPU.ActiveCfg = Release|Any CPU
		{E0D828E9-B2A7-4929-A3DD-4B373FF124E6}.Release|Any CPU.Build.0 = Release|Any CPU
		{61FF1E2E-8A05-4759-8158-FF7AEA14E0A7}.Debug|Any CPU.ActiveCfg = Debug|Any CPU
		{61FF1E2E-8A05-4759-8158-FF7AEA14E0A7}.Debug|Any CPU.Build.0 = Debug|Any CPU
		{61FF1E2E-8A05-4759-8158-FF7AEA14E0A7}.Release|Any CPU.ActiveCfg = Release|Any CPU
		{61FF1E2E-8A05-4759-8158-FF7AEA14E0A7}.Release|Any CPU.Build.0 = Release|Any CPU
		{D114745F-3F9A-4001-BD27-2D0E442EA01E}.Debug|Any CPU.ActiveCfg = Debug|Any CPU
		{D114745F-3F9A-4001-BD27-2D0E442EA01E}.Debug|Any CPU.Build.0 = Debug|Any CPU
		{D114745F-3F9A-4001-BD27-2D0E442EA01E}.Release|Any CPU.ActiveCfg = Release|Any CPU
		{D114745F-3F9A-4001-BD27-2D0E442EA01E}.Release|Any CPU.Build.0 = Release|Any CPU
		{640BD56A-24BC-48A0-AEBC-FCA3A63F7271}.Debug|Any CPU.ActiveCfg = Debug|Any CPU
		{640BD56A-24BC-48A0-AEBC-FCA3A63F7271}.Debug|Any CPU.Build.0 = Debug|Any CPU
		{640BD56A-24BC-48A0-AEBC-FCA3A63F7271}.Release|Any CPU.ActiveCfg = Release|Any CPU
		{640BD56A-24BC-48A0-AEBC-FCA3A63F7271}.Release|Any CPU.Build.0 = Release|Any CPU
		{E43E7D87-CA8A-43D5-9988-3EC8037A2CA7}.Debug|Any CPU.ActiveCfg = Debug|Any CPU
		{E43E7D87-CA8A-43D5-9988-3EC8037A2CA7}.Debug|Any CPU.Build.0 = Debug|Any CPU
		{E43E7D87-CA8A-43D5-9988-3EC8037A2CA7}.Release|Any CPU.ActiveCfg = Release|Any CPU
		{E43E7D87-CA8A-43D5-9988-3EC8037A2CA7}.Release|Any CPU.Build.0 = Release|Any CPU
		{21DB457F-531F-4623-B09D-8D1D5E0C43C2}.Debug|Any CPU.ActiveCfg = Debug|Any CPU
		{21DB457F-531F-4623-B09D-8D1D5E0C43C2}.Debug|Any CPU.Build.0 = Debug|Any CPU
		{21DB457F-531F-4623-B09D-8D1D5E0C43C2}.Release|Any CPU.ActiveCfg = Release|Any CPU
		{21DB457F-531F-4623-B09D-8D1D5E0C43C2}.Release|Any CPU.Build.0 = Release|Any CPU
		{141CAB20-5B29-49E1-8C96-34A90B834003}.Debug|Any CPU.ActiveCfg = Debug|Any CPU
		{141CAB20-5B29-49E1-8C96-34A90B834003}.Debug|Any CPU.Build.0 = Debug|Any CPU
		{141CAB20-5B29-49E1-8C96-34A90B834003}.Release|Any CPU.ActiveCfg = Release|Any CPU
		{141CAB20-5B29-49E1-8C96-34A90B834003}.Release|Any CPU.Build.0 = Release|Any CPU
		{D99B1A94-B1D1-4D17-8BD5-85659AB413DE}.Debug|Any CPU.ActiveCfg = Debug|Any CPU
		{D99B1A94-B1D1-4D17-8BD5-85659AB413DE}.Debug|Any CPU.Build.0 = Debug|Any CPU
		{D99B1A94-B1D1-4D17-8BD5-85659AB413DE}.Release|Any CPU.ActiveCfg = Release|Any CPU
		{D99B1A94-B1D1-4D17-8BD5-85659AB413DE}.Release|Any CPU.Build.0 = Release|Any CPU
		{BA6B53FB-97B8-4BE0-860E-AF48006BA09E}.Debug|Any CPU.ActiveCfg = Debug|Any CPU
		{BA6B53FB-97B8-4BE0-860E-AF48006BA09E}.Debug|Any CPU.Build.0 = Debug|Any CPU
		{BA6B53FB-97B8-4BE0-860E-AF48006BA09E}.Release|Any CPU.ActiveCfg = Release|Any CPU
		{BA6B53FB-97B8-4BE0-860E-AF48006BA09E}.Release|Any CPU.Build.0 = Release|Any CPU
		{74400E73-FDBC-4442-96E5-0D990B7AE570}.Debug|Any CPU.ActiveCfg = Debug|Any CPU
		{74400E73-FDBC-4442-96E5-0D990B7AE570}.Debug|Any CPU.Build.0 = Debug|Any CPU
		{74400E73-FDBC-4442-96E5-0D990B7AE570}.Release|Any CPU.ActiveCfg = Release|Any CPU
		{74400E73-FDBC-4442-96E5-0D990B7AE570}.Release|Any CPU.Build.0 = Release|Any CPU
		{E8A2E606-FD27-4221-96B6-AFC92C571972}.Debug|Any CPU.ActiveCfg = Debug|Any CPU
		{E8A2E606-FD27-4221-96B6-AFC92C571972}.Debug|Any CPU.Build.0 = Debug|Any CPU
		{E8A2E606-FD27-4221-96B6-AFC92C571972}.Release|Any CPU.ActiveCfg = Release|Any CPU
		{E8A2E606-FD27-4221-96B6-AFC92C571972}.Release|Any CPU.Build.0 = Release|Any CPU
		{80C70D11-5063-4C92-B622-E53DF8341188}.Debug|Any CPU.ActiveCfg = Debug|Any CPU
		{80C70D11-5063-4C92-B622-E53DF8341188}.Debug|Any CPU.Build.0 = Debug|Any CPU
		{80C70D11-5063-4C92-B622-E53DF8341188}.Release|Any CPU.ActiveCfg = Release|Any CPU
		{80C70D11-5063-4C92-B622-E53DF8341188}.Release|Any CPU.Build.0 = Release|Any CPU
		{C7E302FC-2C4E-4C38-BF1A-2A8203EEC6BD}.Debug|Any CPU.ActiveCfg = Debug|Any CPU
		{C7E302FC-2C4E-4C38-BF1A-2A8203EEC6BD}.Debug|Any CPU.Build.0 = Debug|Any CPU
		{C7E302FC-2C4E-4C38-BF1A-2A8203EEC6BD}.Release|Any CPU.ActiveCfg = Release|Any CPU
		{C7E302FC-2C4E-4C38-BF1A-2A8203EEC6BD}.Release|Any CPU.Build.0 = Release|Any CPU
		{AE56D450-C8B5-4DF1-A30D-B3977C9E040B}.Debug|Any CPU.ActiveCfg = Debug|Any CPU
		{AE56D450-C8B5-4DF1-A30D-B3977C9E040B}.Debug|Any CPU.Build.0 = Debug|Any CPU
		{AE56D450-C8B5-4DF1-A30D-B3977C9E040B}.Release|Any CPU.ActiveCfg = Release|Any CPU
		{AE56D450-C8B5-4DF1-A30D-B3977C9E040B}.Release|Any CPU.Build.0 = Release|Any CPU
		{7A4B86C6-0377-4CD7-A8A1-431635E51DBC}.Debug|Any CPU.ActiveCfg = Debug|Any CPU
		{7A4B86C6-0377-4CD7-A8A1-431635E51DBC}.Debug|Any CPU.Build.0 = Debug|Any CPU
		{7A4B86C6-0377-4CD7-A8A1-431635E51DBC}.Release|Any CPU.ActiveCfg = Release|Any CPU
		{7A4B86C6-0377-4CD7-A8A1-431635E51DBC}.Release|Any CPU.Build.0 = Release|Any CPU
		{0E7CB867-D60F-4D15-866C-5CFFD29F271B}.Debug|Any CPU.ActiveCfg = Debug|Any CPU
		{0E7CB867-D60F-4D15-866C-5CFFD29F271B}.Debug|Any CPU.Build.0 = Debug|Any CPU
		{0E7CB867-D60F-4D15-866C-5CFFD29F271B}.Release|Any CPU.ActiveCfg = Release|Any CPU
		{0E7CB867-D60F-4D15-866C-5CFFD29F271B}.Release|Any CPU.Build.0 = Release|Any CPU
		{D1E0D25E-B804-473F-AFFF-1372FA4274BE}.Debug|Any CPU.ActiveCfg = Debug|Any CPU
		{D1E0D25E-B804-473F-AFFF-1372FA4274BE}.Debug|Any CPU.Build.0 = Debug|Any CPU
		{D1E0D25E-B804-473F-AFFF-1372FA4274BE}.Release|Any CPU.ActiveCfg = Release|Any CPU
		{D1E0D25E-B804-473F-AFFF-1372FA4274BE}.Release|Any CPU.Build.0 = Release|Any CPU
		{E4781309-8F91-4EA7-95CA-DB53545A87D3}.Debug|Any CPU.ActiveCfg = Debug|Any CPU
		{E4781309-8F91-4EA7-95CA-DB53545A87D3}.Debug|Any CPU.Build.0 = Debug|Any CPU
		{E4781309-8F91-4EA7-95CA-DB53545A87D3}.Release|Any CPU.ActiveCfg = Release|Any CPU
		{E4781309-8F91-4EA7-95CA-DB53545A87D3}.Release|Any CPU.Build.0 = Release|Any CPU
		{740CA675-99EF-487F-BFB7-E7F6C8CD81D8}.Debug|Any CPU.ActiveCfg = Debug|Any CPU
		{740CA675-99EF-487F-BFB7-E7F6C8CD81D8}.Debug|Any CPU.Build.0 = Debug|Any CPU
		{740CA675-99EF-487F-BFB7-E7F6C8CD81D8}.Release|Any CPU.ActiveCfg = Release|Any CPU
		{740CA675-99EF-487F-BFB7-E7F6C8CD81D8}.Release|Any CPU.Build.0 = Release|Any CPU
		{D0A8DE90-C34B-4592-BD35-ED42215B9CDA}.Debug|Any CPU.ActiveCfg = Debug|Any CPU
		{D0A8DE90-C34B-4592-BD35-ED42215B9CDA}.Debug|Any CPU.Build.0 = Debug|Any CPU
		{D0A8DE90-C34B-4592-BD35-ED42215B9CDA}.Release|Any CPU.ActiveCfg = Release|Any CPU
		{D0A8DE90-C34B-4592-BD35-ED42215B9CDA}.Release|Any CPU.Build.0 = Release|Any CPU
		{181E10C0-6F28-4356-9356-82655570739E}.Debug|Any CPU.ActiveCfg = Debug|Any CPU
		{181E10C0-6F28-4356-9356-82655570739E}.Debug|Any CPU.Build.0 = Debug|Any CPU
		{181E10C0-6F28-4356-9356-82655570739E}.Release|Any CPU.ActiveCfg = Release|Any CPU
		{181E10C0-6F28-4356-9356-82655570739E}.Release|Any CPU.Build.0 = Release|Any CPU
		{3FC35995-197C-4B66-AE4E-C579766C8978}.Debug|Any CPU.ActiveCfg = Debug|Any CPU
		{3FC35995-197C-4B66-AE4E-C579766C8978}.Debug|Any CPU.Build.0 = Debug|Any CPU
		{3FC35995-197C-4B66-AE4E-C579766C8978}.Release|Any CPU.ActiveCfg = Release|Any CPU
		{3FC35995-197C-4B66-AE4E-C579766C8978}.Release|Any CPU.Build.0 = Release|Any CPU
	EndGlobalSection
EndGlobal
